{
  "name": "hostfence-research-undici-connector",
  "version": "1.0.0",
  "lockfileVersion": 3,
  "requires": true,
  "packages": {
    "": {
      "name": "hostfence-research-undici-connector",
      "version": "1.0.0",
      "dependencies": {
        "hostfence": "github:hon900/hostfence#3d450931930a5a69f97b6ef27eb9b3f527b3d862",
        "undici": "6.29.0",
        "undici-ssrf-after": "github:hon900/undici-ssrf#7909f718c9302c053508a1a51cce2c339aa0e7b0",
        "undici-ssrf-before": "github:hon900/undici-ssrf#babdbe5e3f8071eab991014969f0c1c572d47d7c"
      },
      "engines": {
        "node": ">=18.18.0"
      }
    },
    "node_modules/hostfence": {
      "version": "1.4.1",
      "resolved": "git+ssh://git@github.com/hon900/hostfence.git#3d450931930a5a69f97b6ef27eb9b3f527b3d862",
      "license": "MIT",
      "engines": {
        "node": ">=18.18.0"
      }
    },
    "node_modules/undici": {
      "version": "6.29.0",
      "resolved": "https://registry.npmjs.org/undici/-/undici-6.29.0.tgz",
      "integrity": "sha512-R+RODBqp6i2pPflGdq+xIOUkl+RNfGgHwoinecKu/JCuf2uO06cOKoDbI2P7Dn6KcswdKwrczbU6IYJ6K8X+wg==",
      "license": "MIT",
      "engines": {
        "node": ">=18.17"
      }
    },
    "node_modules/undici-ssrf-after": {
      "name": "undici-ssrf",
      "version": "0.9.1",
      "resolved": "git+ssh://git@github.com/hon900/undici-ssrf.git#7909f718c9302c053508a1a51cce2c339aa0e7b0",
      "integrity": "sha512-u6NHLHgNrqNk7jm7GZcJWHe42CcebpMBx00zsPc3sMP0tLJwx1+VDGat3PELeQNVpz0QLNXWRxPN6Cg/K3S7Rg==",
      "license": "MIT",
      "dependencies": {
        "hostfence": "github:hon900/hostfence#v1.4.1"
      },
      "engines": {
        "node": ">=18.18.0"
      },
      "peerDependencies": {
        "undici": ">=6"
      }
    },
    "node_modules/undici-ssrf-before": {
      "name": "undici-ssrf",
      "version": "0.9.0",
      "resolved": "git+ssh://git@github.com/hon900/undici-ssrf.git#babdbe5e3f8071eab991014969f0c1c572d47d7c",
      "integrity": "sha512-XKNGZVw86OM5+V6V85yhZ0zhp7k1o1rW8bb0X6xNTsmqUEBYfzfvAMLl8PCCnsmxXrRK4L+nJ1UPcuA2HtNWSw==",
      "license": "MIT",
      "dependencies": {
        "hostfence": "github:hon900/hostfence#v1.4.0"
      },
      "engines": {
        "node": ">=18.18.0"
      },
      "peerDependencies": {
        "undici": ">=6"
      }
    }
  }
}
