{
  "name": "hostfence-hostname-pinning-reproduction",
  "version": "1.0.0",
  "lockfileVersion": 3,
  "requires": true,
  "packages": {
    "": {
      "name": "hostfence-hostname-pinning-reproduction",
      "version": "1.0.0",
      "dependencies": {
        "hostfence-after": "github:hon900/hostfence#3d450931930a5a69f97b6ef27eb9b3f527b3d862",
        "hostfence-before": "github:hon900/hostfence#4df230828e7a8b3055c9ffba8ff2b982be313a03"
      },
      "engines": {
        "node": ">=18.18.0"
      }
    },
    "node_modules/hostfence-after": {
      "name": "hostfence",
      "version": "1.4.1",
      "resolved": "git+ssh://git@github.com/hon900/hostfence.git#3d450931930a5a69f97b6ef27eb9b3f527b3d862",
      "integrity": "sha512-wrauE3z3pshlHgSdTtIwNGHjpe2J/4W/pgC3xyMaE7Y70M339mLRg6RYCMn+Xd9ViCnu6FQu0NGmRUdDP4FdZA==",
      "license": "MIT",
      "engines": {
        "node": ">=18.18.0"
      }
    },
    "node_modules/hostfence-before": {
      "name": "hostfence",
      "version": "1.4.0",
      "resolved": "git+ssh://git@github.com/hon900/hostfence.git#4df230828e7a8b3055c9ffba8ff2b982be313a03",
      "integrity": "sha512-DjGJWedvDpd/nszmPFHcx8uZP34iq7KoSBICxhfh29VUuXLJXDxz425k2XbFlF5Fe3UaBQOl9c2WMF7gPphpbw==",
      "license": "MIT",
      "engines": {
        "node": ">=18.18.0"
      }
    }
  }
}
